
Microsoft Visual Studio Solution File, Format Version 11.00
# Visual Studio 2010
Project("{FAE04EC0-301F-11D3-BF4B-00C04F79EFBC}") = "service-tracker-mvc", "service-tracker-mvc\service-tracker-mvc.csproj", "{F35A7B9D-387F-45C8-9203-A95F01C8A49C}"
EndProject
Project("{2150E333-8FDC-42A3-9474-1A3956D46DE8}") = "Solution Items", "Solution Items", "{78EA17FA-F3F8-4CB8-9FAD-451384331DF6}"
	ProjectSection(SolutionItems) = preProject
		Local.testsettings = Local.testsettings
		service-tracker-mvc.vsmdi = service-tracker-mvc.vsmdi
		TraceAndTestImpact.testsettings = TraceAndTestImpact.testsettings
	EndProjectSection
EndProject
Project("{FAE04EC0-301F-11D3-BF4B-00C04F79EFBC}") = "service-tracker-mvc.tests", "service-tracker-mvc.tests\service-tracker-mvc.tests.csproj", "{6219F2B9-1685-4FC1-9E3B-79CE76042E44}"
EndProject
Project("{2150E333-8FDC-42A3-9474-1A3956D46DE8}") = ".nuget", ".nuget", "{9911AF13-5B9F-4283-BF7D-5AE93A177E47}"
	ProjectSection(SolutionItems) = preProject
		.nuget\packages.config = .nuget\packages.config
	EndProjectSection
EndProject
Global
	GlobalSection(TestCaseManagementSettings) = postSolution
		CategoryFile = service-tracker-mvc.vsmdi
	EndGlobalSection
	GlobalSection(SolutionConfigurationPlatforms) = preSolution
		Debug|Any CPU = Debug|Any CPU
		Release|Any CPU = Release|Any CPU
	EndGlobalSection
	GlobalSection(ProjectConfigurationPlatforms) = postSolution
		{F35A7B9D-387F-45C8-9203-A95F01C8A49C}.Debug|Any CPU.ActiveCfg = Debug|Any CPU
		{F35A7B9D-387F-45C8-9203-A95F01C8A49C}.Debug|Any CPU.Build.0 = Debug|Any CPU
		{F35A7B9D-387F-45C8-9203-A95F01C8A49C}.Release|Any CPU.ActiveCfg = Release|Any CPU
		{F35A7B9D-387F-45C8-9203-A95F01C8A49C}.Release|Any CPU.Build.0 = Release|Any CPU
		{6219F2B9-1685-4FC1-9E3B-79CE76042E44}.Debug|Any CPU.ActiveCfg = Debug|Any CPU
		{6219F2B9-1685-4FC1-9E3B-79CE76042E44}.Debug|Any CPU.Build.0 = Debug|Any CPU
		{6219F2B9-1685-4FC1-9E3B-79CE76042E44}.Release|Any CPU.ActiveCfg = Release|Any CPU
		{6219F2B9-1685-4FC1-9E3B-79CE76042E44}.Release|Any CPU.Build.0 = Release|Any CPU
	EndGlobalSection
	GlobalSection(SolutionProperties) = preSolution
		HideSolutionNode = FALSE
	EndGlobalSection
EndGlobal
